
Microsoft Visual Studio Solution File, Format Version 12.00
# Visual Studio Version 16
VisualStudioVersion = 16.0.31729.503
MinimumVisualStudioVersion = 10.0.40219.1
Project("{FAE04EC0-301F-11D3-BF4B-00C04F79EFBC}") = "WindowsFormsApp1", "WindowsFormsApp1\WindowsFormsApp1.csproj", "{E4EA8B28-FE5C-4721-980F-764CBF46AAA0}"
EndProject
Global
	GlobalSection(SolutionConfigurationPlatforms) = preSolution
		Debug|Any CPU = Debug|Any CPU
		Release|Any CPU = Release|Any CPU
	EndGlobalSection
	GlobalSection(ProjectConfigurationPlatforms) = postSolution
		{E4EA8B28-FE5C-4721-980F-764CBF46AAA0}.Debug|Any CPU.ActiveCfg = Debug|Any CPU
		{E4EA8B28-FE5C-4721-980F-764CBF46AAA0}.Debug|Any CPU.Build.0 = Debug|Any CPU
		{E4EA8B28-FE5C-4721-980F-764CBF46AAA0}.Release|Any CPU.ActiveCfg = Release|Any CPU
		{E4EA8B28-FE5C-4721-980F-764CBF46AAA0}.Release|Any CPU.Build.0 = Release|Any CPU
	EndGlobalSection
	GlobalSection(SolutionProperties) = preSolution
		HideSolutionNode = FALSE
	EndGlobalSection
	GlobalSection(ExtensibilityGlobals) = postSolution
		SolutionGuid = {3B56EBE2-29B5-4A1E-953D-7D66AD92FE46}
	EndGlobalSection
EndGlobal
